dependencies:
- name: postgresql
  repository: https://charts.bitnami.com/bitnami
  version: 11.1.3
- name: pgadmin4
  repository: https://helm.runix.net
  version: 1.13.6
- name: aws-load-balancer-controller
  repository: https://aws.github.io/eks-charts
  version: 1.4.6
digest: sha256:e0514b511b26deb34bfdd97066f12335adb03eb8c1a5a1b3404fa8a0756168ac
generated: "2022-11-30T18:59:31.505237-08:00"
